{
  "lockfile_version": "1",
  "packages": {
    "github:NixOS/nixpkgs/nixpkgs-unstable": {
      "last_modified": "2025-04-13T09:22:33Z",
      "resolved": "github:NixOS/nixpkgs/18dd725c29603f582cf1900e0d25f9f1063dbf11?lastModified=1744536153&narHash=sha256-awS2zRgF4uTwrOKwwiJcByDzDOdo3Q1rPZbiHQg%2FN38%3D"
    },
    "htmltest@latest": {
      "last_modified": "2025-04-01T11:22:06Z",
      "resolved": "github:NixOS/nixpkgs/a4325209863278fc096401bfe9e0a9da34aa9e00#htmltest",
      "source": "devbox-search",
      "version": "0.17.0",
      "systems": {
        "aarch64-darwin": {
          "outputs": [
            {
              "name": "out",
              "path": "/nix/store/v8jqq3s3viyrglzhvccs3mix9njpbmx7-htmltest-0.17.0",
              "default": true
            }
          ],
          "store_path": "/nix/store/v8jqq3s3viyrglzhvccs3mix9njpbmx7-htmltest-0.17.0"
        },
        "aarch64-linux": {
          "outputs": [
            {
              "name": "out",
              "path": "/nix/store/a4d7l9cjq8aarir9w825c8ijwbh5j10h-htmltest-0.17.0",
              "default": true
            }
          ],
          "store_path": "/nix/store/a4d7l9cjq8aarir9w825c8ijwbh5j10h-htmltest-0.17.0"
        },
        "x86_64-darwin": {
          "outputs": [
            {
              "name": "out",
              "path": "/nix/store/bz6l65v2igfwg9h4prgz9rmw2pr5azc2-htmltest-0.17.0",
              "default": true
            }
          ],
          "store_path": "/nix/store/bz6l65v2igfwg9h4prgz9rmw2pr5azc2-htmltest-0.17.0"
        },
        "x86_64-linux": {
          "outputs": [
            {
              "name": "out",
              "path": "/nix/store/a2c2h3pmbml41zzk9w27z32zsqb5gkp6-htmltest-0.17.0",
              "default": true
            }
          ],
          "store_path": "/nix/store/a2c2h3pmbml41zzk9w27z32zsqb5gkp6-htmltest-0.17.0"
        }
      }
    },
    "hugo@0.139": {
      "last_modified": "2024-12-23T21:10:33Z",
      "resolved": "github:NixOS/nixpkgs/de1864217bfa9b5845f465e771e0ecb48b30e02d#hugo",
      "source": "devbox-search",
      "version": "0.139.3",
      "systems": {
        "aarch64-darwin": {
          "outputs": [
            {
              "name": "out",
              "path": "/nix/store/imr01q02h8nzj3fg2rlw5p5azx076w8q-hugo-0.139.3",
              "default": true
            }
          ],
          "store_path": "/nix/store/imr01q02h8nzj3fg2rlw5p5azx076w8q-hugo-0.139.3"
        },
        "aarch64-linux": {
          "outputs": [
            {
              "name": "out",
              "path": "/nix/store/cl2hyivd03cqqqbj2bmr0lrm879nfzpl-hugo-0.139.3",
              "default": true
            }
          ],
          "store_path": "/nix/store/cl2hyivd03cqqqbj2bmr0lrm879nfzpl-hugo-0.139.3"
        },
        "x86_64-darwin": {
          "outputs": [
            {
              "name": "out",
              "path": "/nix/store/l2kvhi35byl5v8yqmyc61rsp4qvj2xv7-hugo-0.139.3",
              "default": true
            }
          ],
          "store_path": "/nix/store/l2kvhi35byl5v8yqmyc61rsp4qvj2xv7-hugo-0.139.3"
        },
        "x86_64-linux": {
          "outputs": [
            {
              "name": "out",
              "path": "/nix/store/fw9yfcz5j7swqj9k77yvl9vpmfx1h8ss-hugo-0.139.3",
              "default": true
            }
          ],
          "store_path": "/nix/store/fw9yfcz5j7swqj9k77yvl9vpmfx1h8ss-hugo-0.139.3"
        }
      }
    },
    "nodejs@22": {
      "last_modified": "2025-03-23T05:31:05Z",
      "plugin_version": "0.0.2",
      "resolved": "github:NixOS/nixpkgs/dd613136ee91f67e5dba3f3f41ac99ae89c5406b#nodejs_22",
      "source": "devbox-search",
      "version": "22.14.0",
      "systems": {
        "aarch64-darwin": {
          "outputs": [
            {
              "name": "out",
              "path": "/nix/store/i1v519j66jmvpqr5h382i9nanxwa5l6n-nodejs-22.14.0",
              "default": true
            },
            {
              "name": "libv8",
              "path": "/nix/store/4m6xhygkx74fsd5k99nihgr7vg85f553-nodejs-22.14.0-libv8"
            }
          ],
          "store_path": "/nix/store/i1v519j66jmvpqr5h382i9nanxwa5l6n-nodejs-22.14.0"
        },
        "aarch64-linux": {
          "outputs": [
            {
              "name": "out",
              "path": "/nix/store/p6183qmkyfkz5sqlv4wbw6a2nnh1r8jf-nodejs-22.14.0",
              "default": true
            },
            {
              "name": "libv8",
              "path": "/nix/store/s8407q9aa2mi2b60zk2mkjjdnv4qw87x-nodejs-22.14.0-libv8"
            }
          ],
          "store_path": "/nix/store/p6183qmkyfkz5sqlv4wbw6a2nnh1r8jf-nodejs-22.14.0"
        },
        "x86_64-darwin": {
          "outputs": [
            {
              "name": "out",
              "path": "/nix/store/mxpq0x25ayiliy6938pflhqvfc1nznkl-nodejs-22.14.0",
              "default": true
            },
            {
              "name": "libv8",
              "path": "/nix/store/sx5pbfq09qkl6bfxcljmhf5s1z049693-nodejs-22.14.0-libv8"
            }
          ],
          "store_path": "/nix/store/mxpq0x25ayiliy6938pflhqvfc1nznkl-nodejs-22.14.0"
        },
        "x86_64-linux": {
          "outputs": [
            {
              "name": "out",
              "path": "/nix/store/bmakyv5ip1wc9jk155glzdw4vnnrym04-nodejs-22.14.0",
              "default": true
            },
            {
              "name": "libv8",
              "path": "/nix/store/j4w6685rkqwwl03cc8phm8xiyb2xmbnq-nodejs-22.14.0-libv8"
            }
          ],
          "store_path": "/nix/store/bmakyv5ip1wc9jk155glzdw4vnnrym04-nodejs-22.14.0"
        }
      }
    }
  }
}
