{
  "lockfile_version": "1",
  "packages": {
    "hugo@0.123": {
      "last_modified": "2024-03-10T19:04:55Z",
      "resolved": "github:NixOS/nixpkgs/d40e866b1f98698d454dad8f592fe7616ff705a4#hugo",
      "source": "devbox-search",
      "version": "0.123.8",
      "systems": {
        "aarch64-darwin": {
          "outputs": [
            {
              "name": "out",
              "path": "/nix/store/sw7bkq2n2gbwhh5r92h1bp1wrrdwlab2-hugo-0.123.8",
              "default": true
            }
          ],
          "store_path": "/nix/store/sw7bkq2n2gbwhh5r92h1bp1wrrdwlab2-hugo-0.123.8"
        },
        "aarch64-linux": {
          "outputs": [
            {
              "name": "out",
              "path": "/nix/store/61c0jw2y148vfsmgpdlrqjq3jkwrbfsd-hugo-0.123.8",
              "default": true
            }
          ],
          "store_path": "/nix/store/61c0jw2y148vfsmgpdlrqjq3jkwrbfsd-hugo-0.123.8"
        },
        "x86_64-darwin": {
          "outputs": [
            {
              "name": "out",
              "path": "/nix/store/lz18cgzsd8cl7h3fxnm8d5ahq6whzl3s-hugo-0.123.8",
              "default": true
            }
          ],
          "store_path": "/nix/store/lz18cgzsd8cl7h3fxnm8d5ahq6whzl3s-hugo-0.123.8"
        },
        "x86_64-linux": {
          "outputs": [
            {
              "name": "out",
              "path": "/nix/store/5rj0cbz9g0rsf3cxnfqr0f46z38s5psc-hugo-0.123.8",
              "default": true
            }
          ],
          "store_path": "/nix/store/5rj0cbz9g0rsf3cxnfqr0f46z38s5psc-hugo-0.123.8"
        }
      }
    },
    "nodejs@22": {
      "last_modified": "2024-11-16T04:25:12Z",
      "plugin_version": "0.0.2",
      "resolved": "github:NixOS/nixpkgs/34a626458d686f1b58139620a8b2793e9e123bba#nodejs_22",
      "source": "devbox-search",
      "version": "22.10.0",
      "systems": {
        "aarch64-darwin": {
          "outputs": [
            {
              "name": "out",
              "path": "/nix/store/3r50cvcf5d7fahnkx4nkr2nk3h377h4s-nodejs-22.10.0",
              "default": true
            },
            {
              "name": "libv8",
              "path": "/nix/store/6rgrpzdbylr432xa1r4mi9wc5i2bgvw0-nodejs-22.10.0-libv8"
            }
          ],
          "store_path": "/nix/store/3r50cvcf5d7fahnkx4nkr2nk3h377h4s-nodejs-22.10.0"
        },
        "aarch64-linux": {
          "outputs": [
            {
              "name": "out",
              "path": "/nix/store/fxx7iihgsj0ysdvz09wsazi9ih6g1ss8-nodejs-22.10.0",
              "default": true
            },
            {
              "name": "libv8",
              "path": "/nix/store/3df03syl7rz631377l76mjvbizrnl26c-nodejs-22.10.0-libv8"
            }
          ],
          "store_path": "/nix/store/fxx7iihgsj0ysdvz09wsazi9ih6g1ss8-nodejs-22.10.0"
        },
        "x86_64-darwin": {
          "outputs": [
            {
              "name": "out",
              "path": "/nix/store/vh70nd2rjh0nzfqsn4iwibz1s07f4fhv-nodejs-22.10.0",
              "default": true
            },
            {
              "name": "libv8",
              "path": "/nix/store/qs45lfyf8rzgh1ghb1g2m9pa50njwxcx-nodejs-22.10.0-libv8"
            }
          ],
          "store_path": "/nix/store/vh70nd2rjh0nzfqsn4iwibz1s07f4fhv-nodejs-22.10.0"
        },
        "x86_64-linux": {
          "outputs": [
            {
              "name": "out",
              "path": "/nix/store/0xvgzkl74v6jrh79ibh7ss770dh4hb69-nodejs-22.10.0",
              "default": true
            },
            {
              "name": "libv8",
              "path": "/nix/store/j0nfkz29q3iigzl6ly1a75bivd1bsqc3-nodejs-22.10.0-libv8"
            }
          ],
          "store_path": "/nix/store/0xvgzkl74v6jrh79ibh7ss770dh4hb69-nodejs-22.10.0"
        }
      }
    }
  }
}
